// !$*UTF8*$!
{
	archiveVersion = 1;
	classes = {
	};
	objectVersion = 51;
	objects = {

/* Begin PBXBuildFile section */
		54D0A8CBA7358AC45D0ABC79 /* Pods_BoxedLauncher.framework in Frameworks */ = {isa = PBXBuildFile; fileRef = 7E401FA2B2FC3FC391B875BE /* Pods_BoxedLauncher.framework */; };
		B202E64A2495DE3400C49A80 /* ChangeSizeCalculation.swift in Sources */ = {isa = PBXBuildFile; fileRef = B202E6492495DE3400C49A80 /* ChangeSizeCalculation.swift */; };
		B213980A24AEFDE500D613A0 /* FirstThirdCalculation.swift in Sources */ = {isa = PBXBuildFile; fileRef = B213980924AEFDE500D613A0 /* FirstThirdCalculation.swift */; };
		B213980C24AEFE0D00D613A0 /* FirstTwoThirdsCalculation.swift in Sources */ = {isa = PBXBuildFile; fileRef = B213980B24AEFE0D00D613A0 /* FirstTwoThirdsCalculation.swift */; };
		B213980E24AEFE2900D613A0 /* CenterThirdCalculation.swift in Sources */ = {isa = PBXBuildFile; fileRef = B213980D24AEFE2900D613A0 /* CenterThirdCalculation.swift */; };
		B213981024AEFE8600D613A0 /* LastTwoThirdsCalculation.swift in Sources */ = {isa = PBXBuildFile; fileRef = B213980F24AEFE8600D613A0 /* LastTwoThirdsCalculation.swift */; };
		B213981224AEFFB700D613A0 /* LastThirdCalculation.swift in Sources */ = {isa = PBXBuildFile; fileRef = B213981124AEFFB700D613A0 /* LastThirdCalculation.swift */; };
		B213981424AF01C400D613A0 /* MoveLeftRightHalfCalculation.swift in Sources */ = {isa = PBXBuildFile; fileRef = B213981324AF01C400D613A0 /* MoveLeftRightHalfCalculation.swift */; };
		B213981624AF029300D613A0 /* MoveUpCalculation.swift in Sources */ = {isa = PBXBuildFile; fileRef = B213981524AF029300D613A0 /* MoveUpCalculation.swift */; };
		B213981824AF02AC00D613A0 /* MovveDownCalculation.swift in Sources */ = {isa = PBXBuildFile; fileRef = B213981724AF02AC00D613A0 /* MovveDownCalculation.swift */; };
		B21BE0992494B3830051C4FD /* CenterCalculation.swift in Sources */ = {isa = PBXBuildFile; fileRef = B21BE0982494B3830051C4FD /* CenterCalculation.swift */; };
		B21BE09B2494B5060051C4FD /* MaximizeCalculation.swift in Sources */ = {isa = PBXBuildFile; fileRef = B21BE09A2494B5060051C4FD /* MaximizeCalculation.swift */; };
		B21BE09D2494B5610051C4FD /* MaximizeHeightCalculation.swift in Sources */ = {isa = PBXBuildFile; fileRef = B21BE09C2494B5610051C4FD /* MaximizeHeightCalculation.swift */; };
		B21BE09F2494B5930051C4FD /* NextPreviousDisplayCalculation.swift in Sources */ = {isa = PBXBuildFile; fileRef = B21BE09E2494B5930051C4FD /* NextPreviousDisplayCalculation.swift */; };
		B24D65452497496500C404C8 /* BottomHalfCalculation.swift in Sources */ = {isa = PBXBuildFile; fileRef = B24D65442497496500C404C8 /* BottomHalfCalculation.swift */; };
		B2530FBD248EE91F00452624 /* RepeatedExecutionsCalculation.swift in Sources */ = {isa = PBXBuildFile; fileRef = B2530FBC248EE91F00452624 /* RepeatedExecutionsCalculation.swift */; };
		B2530FBF248EEA2B00452624 /* WindowCalculation.swift in Sources */ = {isa = PBXBuildFile; fileRef = B2530FBE248EEA2B00452624 /* WindowCalculation.swift */; };
		B2614C54248DEEB7004D5438 /* WindowHistory.swift in Sources */ = {isa = PBXBuildFile; fileRef = B2614C53248DEEB7004D5438 /* WindowHistory.swift */; };
		B2614C57248E01D3004D5438 /* WindowMover.swift in Sources */ = {isa = PBXBuildFile; fileRef = B2614C56248E01D3004D5438 /* WindowMover.swift */; };
		B2614C59248E0241004D5438 /* BestWindowMover.swift in Sources */ = {isa = PBXBuildFile; fileRef = B2614C58248E0241004D5438 /* BestWindowMover.swift */; };
		B2614C5B248E059A004D5438 /* StandardWindowMover.swift in Sources */ = {isa = PBXBuildFile; fileRef = B2614C5A248E059A004D5438 /* StandardWindowMover.swift */; };
		B2614C5D248E0697004D5438 /* QuantizedWindowMover.swift in Sources */ = {isa = PBXBuildFile; fileRef = B2614C5C248E0697004D5438 /* QuantizedWindowMover.swift */; };
		B2614C5F248E06AD004D5438 /* CenteringFixedSizeWindowMover.swift in Sources */ = {isa = PBXBuildFile; fileRef = B2614C5E248E06AD004D5438 /* CenteringFixedSizeWindowMover.swift */; };
		B26454322489AC2000B68505 /* ShortcutManager.swift in Sources */ = {isa = PBXBuildFile; fileRef = B26454312489AC2000B68505 /* ShortcutManager.swift */; };
		B26454342489AE2D00B68505 /* WindowManager.swift in Sources */ = {isa = PBXBuildFile; fileRef = B26454332489AE2D00B68505 /* WindowManager.swift */; };
		B26454372489B0B500B68505 /* MessageView.xib in Resources */ = {isa = PBXBuildFile; fileRef = B26454362489B0B500B68505 /* MessageView.xib */; };
		B26454392489B0DA00B68505 /* MessageView.swift in Sources */ = {isa = PBXBuildFile; fileRef = B26454382489B0DA00B68505 /* MessageView.swift */; };
		B264543B2489B2C300B68505 /* Defaults.swift in Sources */ = {isa = PBXBuildFile; fileRef = B264543A2489B2C300B68505 /* Defaults.swift */; };
		B264543D2489CB7A00B68505 /* SubsequentExecutionMode.swift in Sources */ = {isa = PBXBuildFile; fileRef = B264543C2489CB7A00B68505 /* SubsequentExecutionMode.swift */; };
		B268995B2499EE28006766C6 /* LeftRightHalfCalculation.swift in Sources */ = {isa = PBXBuildFile; fileRef = B268995A2499EE28006766C6 /* LeftRightHalfCalculation.swift */; };
		B26CAC4C248C4EB900A8CCDC /* AccessibilityElement.swift in Sources */ = {isa = PBXBuildFile; fileRef = B26CAC4B248C4EB900A8CCDC /* AccessibilityElement.swift */; };
		B26CAC50248C527200A8CCDC /* EventMonitor.swift in Sources */ = {isa = PBXBuildFile; fileRef = B26CAC4F248C527200A8CCDC /* EventMonitor.swift */; };
		B26CAC52248C528000A8CCDC /* SnappingManager.swift in Sources */ = {isa = PBXBuildFile; fileRef = B26CAC51248C528000A8CCDC /* SnappingManager.swift */; };
		B26CAC54248C74BE00A8CCDC /* ScreenDetection.swift in Sources */ = {isa = PBXBuildFile; fileRef = B26CAC53248C74BE00A8CCDC /* ScreenDetection.swift */; };
		B282C79124882B31000D40F4 /* AppDelegate.swift in Sources */ = {isa = PBXBuildFile; fileRef = B282C79024882B31000D40F4 /* AppDelegate.swift */; };
		B282C79524882B32000D40F4 /* Assets.xcassets in Resources */ = {isa = PBXBuildFile; fileRef = B282C79424882B32000D40F4 /* Assets.xcassets */; };
		B282C79B24882B32000D40F4 /* Main.storyboard in Resources */ = {isa = PBXBuildFile; fileRef = B282C79924882B32000D40F4 /* Main.storyboard */; };
		B28C14452490B08300D5052D /* AlmostMaximizeCalculation.swift in Sources */ = {isa = PBXBuildFile; fileRef = B28C14442490B08300D5052D /* AlmostMaximizeCalculation.swift */; };
		B295629A2487374C006BE8FA /* AppDelegate.swift in Sources */ = {isa = PBXBuildFile; fileRef = B29562992487374C006BE8FA /* AppDelegate.swift */; };
		B295629E2487374F006BE8FA /* Assets.xcassets in Resources */ = {isa = PBXBuildFile; fileRef = B295629D2487374F006BE8FA /* Assets.xcassets */; };
		B29562A42487374F006BE8FA /* Main.storyboard in Resources */ = {isa = PBXBuildFile; fileRef = B29562A22487374F006BE8FA /* Main.storyboard */; };
		B295F50024AB09D800E6E644 /* LowerLeftCalculation.swift in Sources */ = {isa = PBXBuildFile; fileRef = B295F4FF24AB09D800E6E644 /* LowerLeftCalculation.swift */; };
		B295F50224AB0A0300E6E644 /* LowerRightCalculation.swift in Sources */ = {isa = PBXBuildFile; fileRef = B295F50124AB0A0300E6E644 /* LowerRightCalculation.swift */; };
		B295F50424AB0A2E00E6E644 /* UpperLeftCalculation.swift in Sources */ = {isa = PBXBuildFile; fileRef = B295F50324AB0A2E00E6E644 /* UpperLeftCalculation.swift */; };
		B295F50624AB0A3B00E6E644 /* UpperRightCalculation.swift in Sources */ = {isa = PBXBuildFile; fileRef = B295F50524AB0A3B00E6E644 /* UpperRightCalculation.swift */; };
		B2980ABF248860F2005C0E60 /* LogViewer.storyboard in Resources */ = {isa = PBXBuildFile; fileRef = B2980ABE248860F2005C0E60 /* LogViewer.storyboard */; };
		B2980AC1248860FC005C0E60 /* LogViewer.swift in Sources */ = {isa = PBXBuildFile; fileRef = B2980AC0248860FC005C0E60 /* LogViewer.swift */; };
		B2980AC324886670005C0E60 /* PrefsViewController.swift in Sources */ = {isa = PBXBuildFile; fileRef = B2980AC224886670005C0E60 /* PrefsViewController.swift */; };
		B2980AC52488668D005C0E60 /* SettingsViewController.swift in Sources */ = {isa = PBXBuildFile; fileRef = B2980AC42488668D005C0E60 /* SettingsViewController.swift */; };
		B2980AC7248867E4005C0E60 /* CUtil.swift in Sources */ = {isa = PBXBuildFile; fileRef = B2980AC6248867E4005C0E60 /* CUtil.swift */; };
		B2980AC92488689B005C0E60 /* AlertUtil.swift in Sources */ = {isa = PBXBuildFile; fileRef = B2980AC82488689B005C0E60 /* AlertUtil.swift */; };
		B2980ACC2488699D005C0E60 /* WelcomeViewController.swift in Sources */ = {isa = PBXBuildFile; fileRef = B2980ACB2488699D005C0E60 /* WelcomeViewController.swift */; };
		B2C2BEF1248B831D00340919 /* WindowAction.swift in Sources */ = {isa = PBXBuildFile; fileRef = B2C2BEF0248B831D00340919 /* WindowAction.swift */; };
		B2C2BEF3248B856800340919 /* BoxedStatusItem.swift in Sources */ = {isa = PBXBuildFile; fileRef = B2C2BEF2248B856800340919 /* BoxedStatusItem.swift */; };
		B2C2BEF6248B87B500340919 /* GapCalculation.swift in Sources */ = {isa = PBXBuildFile; fileRef = B2C2BEF5248B87B500340919 /* GapCalculation.swift */; };
		B2C2BEF9248B8B6100340919 /* AccessibilityAuthorization.swift in Sources */ = {isa = PBXBuildFile; fileRef = B2C2BEF8248B8B6100340919 /* AccessibilityAuthorization.swift */; };
		B2C2BEFB248B8B7700340919 /* AcessibilityWindowController.swift in Sources */ = {isa = PBXBuildFile; fileRef = B2C2BEFA248B8B7700340919 /* AcessibilityWindowController.swift */; };
		B2CFB1AB24988A0E001F058E /* TopHalfCalculation.swift in Sources */ = {isa = PBXBuildFile; fileRef = B2CFB1AA24988A0E001F058E /* TopHalfCalculation.swift */; };
		B2CFB1AD2498A620001F058E /* ApplicationToggle.swift in Sources */ = {isa = PBXBuildFile; fileRef = B2CFB1AC2498A620001F058E /* ApplicationToggle.swift */; };
		B2D98CF124BAC0330027461D /* StoreKit.framework in Frameworks */ = {isa = PBXBuildFile; fileRef = B2D98CF024BAC0330027461D /* StoreKit.framework */; };
		B2E0895B24AB259A00C114FA /* ServiceManagement.framework in Frameworks */ = {isa = PBXBuildFile; fileRef = B2E0895A24AB259A00C114FA /* ServiceManagement.framework */; };
		B2F38DC524BA52710045517E /* BoxedLauncher.app in CopyFiles */ = {isa = PBXBuildFile; fileRef = B282C78E24882B31000D40F4 /* BoxedLauncher.app */; settings = {ATTRIBUTES = (RemoveHeadersOnCopy, ); }; };
		BB10CD07E7E614E238496589 /* Pods_Boxed.framework in Frameworks */ = {isa = PBXBuildFile; fileRef = DA8B11913E0DDFFAE1362246 /* Pods_Boxed.framework */; };
/* End PBXBuildFile section */

/* Begin PBXCopyFilesBuildPhase section */
		B2F38DC424BA52600045517E /* CopyFiles */ = {
			isa = PBXCopyFilesBuildPhase;
			buildActionMask = 2147483647;
			dstPath = Contents/Library/LoginItems;
			dstSubfolderSpec = 1;
			files = (
				B2F38DC524BA52710045517E /* BoxedLauncher.app in CopyFiles */,
			);
			runOnlyForDeploymentPostprocessing = 0;
		};
/* End PBXCopyFilesBuildPhase section */

/* Begin PBXFileReference section */
		44FDAAD6CE6626B2AD329109 /* Pods-BoxedLauncher.release.xcconfig */ = {isa = PBXFileReference; includeInIndex = 1; lastKnownFileType = text.xcconfig; name = "Pods-BoxedLauncher.release.xcconfig"; path = "Target Support Files/Pods-BoxedLauncher/Pods-BoxedLauncher.release.xcconfig"; sourceTree = "<group>"; };
		7E401FA2B2FC3FC391B875BE /* Pods_BoxedLauncher.framework */ = {isa = PBXFileReference; explicitFileType = wrapper.framework; includeInIndex = 0; path = Pods_BoxedLauncher.framework; sourceTree = BUILT_PRODUCTS_DIR; };
		A43D872846CF070C79221D0E /* Pods-Boxed.debug.xcconfig */ = {isa = PBXFileReference; includeInIndex = 1; lastKnownFileType = text.xcconfig; name = "Pods-Boxed.debug.xcconfig"; path = "Target Support Files/Pods-Boxed/Pods-Boxed.debug.xcconfig"; sourceTree = "<group>"; };
		B202E6492495DE3400C49A80 /* ChangeSizeCalculation.swift */ = {isa = PBXFileReference; lastKnownFileType = sourcecode.swift; path = ChangeSizeCalculation.swift; sourceTree = "<group>"; };
		B213980924AEFDE500D613A0 /* FirstThirdCalculation.swift */ = {isa = PBXFileReference; lastKnownFileType = sourcecode.swift; path = FirstThirdCalculation.swift; sourceTree = "<group>"; };
		B213980B24AEFE0D00D613A0 /* FirstTwoThirdsCalculation.swift */ = {isa = PBXFileReference; lastKnownFileType = sourcecode.swift; path = FirstTwoThirdsCalculation.swift; sourceTree = "<group>"; };
		B213980D24AEFE2900D613A0 /* CenterThirdCalculation.swift */ = {isa = PBXFileReference; lastKnownFileType = sourcecode.swift; path = CenterThirdCalculation.swift; sourceTree = "<group>"; };
		B213980F24AEFE8600D613A0 /* LastTwoThirdsCalculation.swift */ = {isa = PBXFileReference; lastKnownFileType = sourcecode.swift; path = LastTwoThirdsCalculation.swift; sourceTree = "<group>"; };
		B213981124AEFFB700D613A0 /* LastThirdCalculation.swift */ = {isa = PBXFileReference; lastKnownFileType = sourcecode.swift; path = LastThirdCalculation.swift; sourceTree = "<group>"; };
		B213981324AF01C400D613A0 /* MoveLeftRightHalfCalculation.swift */ = {isa = PBXFileReference; lastKnownFileType = sourcecode.swift; path = MoveLeftRightHalfCalculation.swift; sourceTree = "<group>"; };
		B213981524AF029300D613A0 /* MoveUpCalculation.swift */ = {isa = PBXFileReference; lastKnownFileType = sourcecode.swift; path = MoveUpCalculation.swift; sourceTree = "<group>"; };
		B213981724AF02AC00D613A0 /* MovveDownCalculation.swift */ = {isa = PBXFileReference; lastKnownFileType = sourcecode.swift; path = MovveDownCalculation.swift; sourceTree = "<group>"; };
		B21BE0982494B3830051C4FD /* CenterCalculation.swift */ = {isa = PBXFileReference; lastKnownFileType = sourcecode.swift; path = CenterCalculation.swift; sourceTree = "<group>"; };
		B21BE09A2494B5060051C4FD /* MaximizeCalculation.swift */ = {isa = PBXFileReference; lastKnownFileType = sourcecode.swift; path = MaximizeCalculation.swift; sourceTree = "<group>"; };
		B21BE09C2494B5610051C4FD /* MaximizeHeightCalculation.swift */ = {isa = PBXFileReference; lastKnownFileType = sourcecode.swift; path = MaximizeHeightCalculation.swift; sourceTree = "<group>"; };
		B21BE09E2494B5930051C4FD /* NextPreviousDisplayCalculation.swift */ = {isa = PBXFileReference; lastKnownFileType = sourcecode.swift; path = NextPreviousDisplayCalculation.swift; sourceTree = "<group>"; };
		B24D65442497496500C404C8 /* BottomHalfCalculation.swift */ = {isa = PBXFileReference; lastKnownFileType = sourcecode.swift; path = BottomHalfCalculation.swift; sourceTree = "<group>"; };
		B2530FBC248EE91F00452624 /* RepeatedExecutionsCalculation.swift */ = {isa = PBXFileReference; lastKnownFileType = sourcecode.swift; path = RepeatedExecutionsCalculation.swift; sourceTree = "<group>"; };
		B2530FBE248EEA2B00452624 /* WindowCalculation.swift */ = {isa = PBXFileReference; lastKnownFileType = sourcecode.swift; path = WindowCalculation.swift; sourceTree = "<group>"; };
		B2614C53248DEEB7004D5438 /* WindowHistory.swift */ = {isa = PBXFileReference; lastKnownFileType = sourcecode.swift; path = WindowHistory.swift; sourceTree = "<group>"; };
		B2614C56248E01D3004D5438 /* WindowMover.swift */ = {isa = PBXFileReference; lastKnownFileType = sourcecode.swift; path = WindowMover.swift; sourceTree = "<group>"; };
		B2614C58248E0241004D5438 /* BestWindowMover.swift */ = {isa = PBXFileReference; lastKnownFileType = sourcecode.swift; path = BestWindowMover.swift; sourceTree = "<group>"; };
		B2614C5A248E059A004D5438 /* StandardWindowMover.swift */ = {isa = PBXFileReference; lastKnownFileType = sourcecode.swift; path = StandardWindowMover.swift; sourceTree = "<group>"; };
		B2614C5C248E0697004D5438 /* QuantizedWindowMover.swift */ = {isa = PBXFileReference; lastKnownFileType = sourcecode.swift; path = QuantizedWindowMover.swift; sourceTree = "<group>"; };
		B2614C5E248E06AD004D5438 /* CenteringFixedSizeWindowMover.swift */ = {isa = PBXFileReference; lastKnownFileType = sourcecode.swift; path = CenteringFixedSizeWindowMover.swift; sourceTree = "<group>"; };
		B26454312489AC2000B68505 /* ShortcutManager.swift */ = {isa = PBXFileReference; lastKnownFileType = sourcecode.swift; path = ShortcutManager.swift; sourceTree = "<group>"; };
		B26454332489AE2D00B68505 /* WindowManager.swift */ = {isa = PBXFileReference; lastKnownFileType = sourcecode.swift; path = WindowManager.swift; sourceTree = "<group>"; };
		B26454362489B0B500B68505 /* MessageView.xib */ = {isa = PBXFileReference; lastKnownFileType = file.xib; path = MessageView.xib; sourceTree = "<group>"; };
		B26454382489B0DA00B68505 /* MessageView.swift */ = {isa = PBXFileReference; lastKnownFileType = sourcecode.swift; path = MessageView.swift; sourceTree = "<group>"; };
		B264543A2489B2C300B68505 /* Defaults.swift */ = {isa = PBXFileReference; lastKnownFileType = sourcecode.swift; path = Defaults.swift; sourceTree = "<group>"; };
		B264543C2489CB7A00B68505 /* SubsequentExecutionMode.swift */ = {isa = PBXFileReference; lastKnownFileType = sourcecode.swift; path = SubsequentExecutionMode.swift; sourceTree = "<group>"; };
		B268995A2499EE28006766C6 /* LeftRightHalfCalculation.swift */ = {isa = PBXFileReference; lastKnownFileType = sourcecode.swift; path = LeftRightHalfCalculation.swift; sourceTree = "<group>"; };
		B26CAC4B248C4EB900A8CCDC /* AccessibilityElement.swift */ = {isa = PBXFileReference; lastKnownFileType = sourcecode.swift; path = AccessibilityElement.swift; sourceTree = "<group>"; };
		B26CAC4F248C527200A8CCDC /* EventMonitor.swift */ = {isa = PBXFileReference; lastKnownFileType = sourcecode.swift; path = EventMonitor.swift; sourceTree = "<group>"; };
		B26CAC51248C528000A8CCDC /* SnappingManager.swift */ = {isa = PBXFileReference; lastKnownFileType = sourcecode.swift; path = SnappingManager.swift; sourceTree = "<group>"; };
		B26CAC53248C74BE00A8CCDC /* ScreenDetection.swift */ = {isa = PBXFileReference; lastKnownFileType = sourcecode.swift; path = ScreenDetection.swift; sourceTree = "<group>"; };
		B282C78E24882B31000D40F4 /* BoxedLauncher.app */ = {isa = PBXFileReference; explicitFileType = wrapper.application; includeInIndex = 0; path = BoxedLauncher.app; sourceTree = BUILT_PRODUCTS_DIR; };
		B282C79024882B31000D40F4 /* AppDelegate.swift */ = {isa = PBXFileReference; lastKnownFileType = sourcecode.swift; path = AppDelegate.swift; sourceTree = "<group>"; };
		B282C79424882B32000D40F4 /* Assets.xcassets */ = {isa = PBXFileReference; lastKnownFileType = folder.assetcatalog; path = Assets.xcassets; sourceTree = "<group>"; };
		B282C79A24882B32000D40F4 /* Base */ = {isa = PBXFileReference; lastKnownFileType = file.storyboard; name = Base; path = Base.lproj/Main.storyboard; sourceTree = "<group>"; };
		B282C79C24882B32000D40F4 /* Info.plist */ = {isa = PBXFileReference; lastKnownFileType = text.plist.xml; path = Info.plist; sourceTree = "<group>"; };
		B282C79D24882B32000D40F4 /* BoxedLauncher.entitlements */ = {isa = PBXFileReference; lastKnownFileType = text.plist.entitlements; path = BoxedLauncher.entitlements; sourceTree = "<group>"; };
		B28C14442490B08300D5052D /* AlmostMaximizeCalculation.swift */ = {isa = PBXFileReference; lastKnownFileType = sourcecode.swift; path = AlmostMaximizeCalculation.swift; sourceTree = "<group>"; };
		B29562962487374B006BE8FA /* Boxed.app */ = {isa = PBXFileReference; explicitFileType = wrapper.application; includeInIndex = 0; path = Boxed.app; sourceTree = BUILT_PRODUCTS_DIR; };
		B29562992487374C006BE8FA /* AppDelegate.swift */ = {isa = PBXFileReference; lastKnownFileType = sourcecode.swift; path = AppDelegate.swift; sourceTree = "<group>"; };
		B295629D2487374F006BE8FA /* Assets.xcassets */ = {isa = PBXFileReference; lastKnownFileType = folder.assetcatalog; path = Assets.xcassets; sourceTree = "<group>"; };
		B29562A32487374F006BE8FA /* Base */ = {isa = PBXFileReference; lastKnownFileType = file.storyboard; name = Base; path = Base.lproj/Main.storyboard; sourceTree = "<group>"; };
		B29562A52487374F006BE8FA /* Info.plist */ = {isa = PBXFileReference; lastKnownFileType = text.plist.xml; path = Info.plist; sourceTree = "<group>"; };
		B29562A62487374F006BE8FA /* Boxed.entitlements */ = {isa = PBXFileReference; lastKnownFileType = text.plist.entitlements; path = Boxed.entitlements; sourceTree = "<group>"; };
		B295F4FF24AB09D800E6E644 /* LowerLeftCalculation.swift */ = {isa = PBXFileReference; lastKnownFileType = sourcecode.swift; path = LowerLeftCalculation.swift; sourceTree = "<group>"; };
		B295F50124AB0A0300E6E644 /* LowerRightCalculation.swift */ = {isa = PBXFileReference; lastKnownFileType = sourcecode.swift; path = LowerRightCalculation.swift; sourceTree = "<group>"; };
		B295F50324AB0A2E00E6E644 /* UpperLeftCalculation.swift */ = {isa = PBXFileReference; lastKnownFileType = sourcecode.swift; path = UpperLeftCalculation.swift; sourceTree = "<group>"; };
		B295F50524AB0A3B00E6E644 /* UpperRightCalculation.swift */ = {isa = PBXFileReference; lastKnownFileType = sourcecode.swift; path = UpperRightCalculation.swift; sourceTree = "<group>"; };
		B2980ABE248860F2005C0E60 /* LogViewer.storyboard */ = {isa = PBXFileReference; lastKnownFileType = file.storyboard; path = LogViewer.storyboard; sourceTree = "<group>"; };
		B2980AC0248860FC005C0E60 /* LogViewer.swift */ = {isa = PBXFileReference; lastKnownFileType = sourcecode.swift; path = LogViewer.swift; sourceTree = "<group>"; };
		B2980AC224886670005C0E60 /* PrefsViewController.swift */ = {isa = PBXFileReference; lastKnownFileType = sourcecode.swift; path = PrefsViewController.swift; sourceTree = "<group>"; };
		B2980AC42488668D005C0E60 /* SettingsViewController.swift */ = {isa = PBXFileReference; lastKnownFileType = sourcecode.swift; path = SettingsViewController.swift; sourceTree = "<group>"; };
		B2980AC6248867E4005C0E60 /* CUtil.swift */ = {isa = PBXFileReference; lastKnownFileType = sourcecode.swift; path = CUtil.swift; sourceTree = "<group>"; };
		B2980AC82488689B005C0E60 /* AlertUtil.swift */ = {isa = PBXFileReference; lastKnownFileType = sourcecode.swift; path = AlertUtil.swift; sourceTree = "<group>"; };
		B2980ACB2488699D005C0E60 /* WelcomeViewController.swift */ = {isa = PBXFileReference; lastKnownFileType = sourcecode.swift; path = WelcomeViewController.swift; sourceTree = "<group>"; };
		B2C2BEF0248B831D00340919 /* WindowAction.swift */ = {isa = PBXFileReference; lastKnownFileType = sourcecode.swift; path = WindowAction.swift; sourceTree = "<group>"; };
		B2C2BEF2248B856800340919 /* BoxedStatusItem.swift */ = {isa = PBXFileReference; lastKnownFileType = sourcecode.swift; path = BoxedStatusItem.swift; sourceTree = "<group>"; };
		B2C2BEF5248B87B500340919 /* GapCalculation.swift */ = {isa = PBXFileReference; lastKnownFileType = sourcecode.swift; path = GapCalculation.swift; sourceTree = "<group>"; };
		B2C2BEF8248B8B6100340919 /* AccessibilityAuthorization.swift */ = {isa = PBXFileReference; lastKnownFileType = sourcecode.swift; path = AccessibilityAuthorization.swift; sourceTree = "<group>"; };
		B2C2BEFA248B8B7700340919 /* AcessibilityWindowController.swift */ = {isa = PBXFileReference; lastKnownFileType = sourcecode.swift; path = AcessibilityWindowController.swift; sourceTree = "<group>"; };
		B2CFB1AA24988A0E001F058E /* TopHalfCalculation.swift */ = {isa = PBXFileReference; lastKnownFileType = sourcecode.swift; path = TopHalfCalculation.swift; sourceTree = "<group>"; };
		B2CFB1AC2498A620001F058E /* ApplicationToggle.swift */ = {isa = PBXFileReference; lastKnownFileType = sourcecode.swift; path = ApplicationToggle.swift; sourceTree = "<group>"; };
		B2D98CF024BAC0330027461D /* StoreKit.framework */ = {isa = PBXFileReference; lastKnownFileType = wrapper.framework; name = StoreKit.framework; path = System/Library/Frameworks/StoreKit.framework; sourceTree = SDKROOT; };
		B2E0895A24AB259A00C114FA /* ServiceManagement.framework */ = {isa = PBXFileReference; lastKnownFileType = wrapper.framework; name = ServiceManagement.framework; path = System/Library/Frameworks/ServiceManagement.framework; sourceTree = SDKROOT; };
		C7FD4A4D626BDB8AAB49E192 /* Pods-BoxedLauncher.debug.xcconfig */ = {isa = PBXFileReference; includeInIndex = 1; lastKnownFileType = text.xcconfig; name = "Pods-BoxedLauncher.debug.xcconfig"; path = "Target Support Files/Pods-BoxedLauncher/Pods-BoxedLauncher.debug.xcconfig"; sourceTree = "<group>"; };
		DA8B11913E0DDFFAE1362246 /* Pods_Boxed.framework */ = {isa = PBXFileReference; explicitFileType = wrapper.framework; includeInIndex = 0; path = Pods_Boxed.framework; sourceTree = BUILT_PRODUCTS_DIR; };
		EA4D43EF5DF7A44FC30C4093 /* Pods-Boxed.release.xcconfig */ = {isa = PBXFileReference; includeInIndex = 1; lastKnownFileType = text.xcconfig; name = "Pods-Boxed.release.xcconfig"; path = "Target Support Files/Pods-Boxed/Pods-Boxed.release.xcconfig"; sourceTree = "<group>"; };
/* End PBXFileReference section */

/* Begin PBXFrameworksBuildPhase section */
		B282C78B24882B31000D40F4 /* Frameworks */ = {
			isa = PBXFrameworksBuildPhase;
			buildActionMask = 2147483647;
			files = (
				54D0A8CBA7358AC45D0ABC79 /* Pods_BoxedLauncher.framework in Frameworks */,
			);
			runOnlyForDeploymentPostprocessing = 0;
		};
		B29562932487374B006BE8FA /* Frameworks */ = {
			isa = PBXFrameworksBuildPhase;
			buildActionMask = 2147483647;
			files = (
				B2D98CF124BAC0330027461D /* StoreKit.framework in Frameworks */,
				BB10CD07E7E614E238496589 /* Pods_Boxed.framework in Frameworks */,
				B2E0895B24AB259A00C114FA /* ServiceManagement.framework in Frameworks */,
			);
			runOnlyForDeploymentPostprocessing = 0;
		};
/* End PBXFrameworksBuildPhase section */

/* Begin PBXGroup section */
		18119497101F47AD1103EED4 /* Pods */ = {
			isa = PBXGroup;
			children = (
				A43D872846CF070C79221D0E /* Pods-Boxed.debug.xcconfig */,
				EA4D43EF5DF7A44FC30C4093 /* Pods-Boxed.release.xcconfig */,
				C7FD4A4D626BDB8AAB49E192 /* Pods-BoxedLauncher.debug.xcconfig */,
				44FDAAD6CE6626B2AD329109 /* Pods-BoxedLauncher.release.xcconfig */,
			);
			path = Pods;
			sourceTree = "<group>";
		};
		B2614C55248DFF76004D5438 /* WindowMover */ = {
			isa = PBXGroup;
			children = (
				B2614C56248E01D3004D5438 /* WindowMover.swift */,
				B2614C58248E0241004D5438 /* BestWindowMover.swift */,
				B2614C5A248E059A004D5438 /* StandardWindowMover.swift */,
				B2614C5C248E0697004D5438 /* QuantizedWindowMover.swift */,
				B2614C5E248E06AD004D5438 /* CenteringFixedSizeWindowMover.swift */,
			);
			path = WindowMover;
			sourceTree = "<group>";
		};
		B26454352489B09500B68505 /* Popover */ = {
			isa = PBXGroup;
			children = (
				B26454362489B0B500B68505 /* MessageView.xib */,
				B26454382489B0DA00B68505 /* MessageView.swift */,
			);
			path = Popover;
			sourceTree = "<group>";
		};
		B26CAC4E248C525B00A8CCDC /* Snapping */ = {
			isa = PBXGroup;
			children = (
				B26CAC4F248C527200A8CCDC /* EventMonitor.swift */,
				B26CAC51248C528000A8CCDC /* SnappingManager.swift */,
			);
			path = Snapping;
			sourceTree = "<group>";
		};
		B282C78F24882B31000D40F4 /* BoxedLauncher */ = {
			isa = PBXGroup;
			children = (
				B282C79024882B31000D40F4 /* AppDelegate.swift */,
				B282C79424882B32000D40F4 /* Assets.xcassets */,
				B282C79924882B32000D40F4 /* Main.storyboard */,
				B282C79C24882B32000D40F4 /* Info.plist */,
				B282C79D24882B32000D40F4 /* BoxedLauncher.entitlements */,
			);
			path = BoxedLauncher;
			sourceTree = "<group>";
		};
		B295628D2487374B006BE8FA = {
			isa = PBXGroup;
			children = (
				B29562982487374C006BE8FA /* Boxed */,
				B282C78F24882B31000D40F4 /* BoxedLauncher */,
				B29562972487374B006BE8FA /* Products */,
				18119497101F47AD1103EED4 /* Pods */,
				D43AF8538B1A49EA6C24DEF4 /* Frameworks */,
			);
			sourceTree = "<group>";
		};
		B29562972487374B006BE8FA /* Products */ = {
			isa = PBXGroup;
			children = (
				B29562962487374B006BE8FA /* Boxed.app */,
				B282C78E24882B31000D40F4 /* BoxedLauncher.app */,
			);
			name = Products;
			sourceTree = "<group>";
		};
		B29562982487374C006BE8FA /* Boxed */ = {
			isa = PBXGroup;
			children = (
				B2614C55248DFF76004D5438 /* WindowMover */,
				B26CAC4E248C525B00A8CCDC /* Snapping */,
				B2C2BEF7248B8B4200340919 /* Accessibility */,
				B2C2BEF4248B86B900340919 /* WindowCalculations */,
				B26454352489B09500B68505 /* Popover */,
				B2980ACA24886988005C0E60 /* WelcomeWindow */,
				B2980ABD2488604B005C0E60 /* PrefsWindow */,
				B2980ABB24886035005C0E60 /* Logging */,
				B2980ABC2488603F005C0E60 /* Utilities */,
				B29562992487374C006BE8FA /* AppDelegate.swift */,
				B295629D2487374F006BE8FA /* Assets.xcassets */,
				B29562A22487374F006BE8FA /* Main.storyboard */,
				B29562A52487374F006BE8FA /* Info.plist */,
				B29562A62487374F006BE8FA /* Boxed.entitlements */,
				B26454312489AC2000B68505 /* ShortcutManager.swift */,
				B2C2BEF2248B856800340919 /* BoxedStatusItem.swift */,
				B26CAC4B248C4EB900A8CCDC /* AccessibilityElement.swift */,
				B2CFB1AC2498A620001F058E /* ApplicationToggle.swift */,
				B26454332489AE2D00B68505 /* WindowManager.swift */,
				B2614C53248DEEB7004D5438 /* WindowHistory.swift */,
				B2C2BEF0248B831D00340919 /* WindowAction.swift */,
				B26CAC53248C74BE00A8CCDC /* ScreenDetection.swift */,
				B264543C2489CB7A00B68505 /* SubsequentExecutionMode.swift */,
			);
			path = Boxed;
			sourceTree = "<group>";
		};
		B2980ABB24886035005C0E60 /* Logging */ = {
			isa = PBXGroup;
			children = (
				B2980ABE248860F2005C0E60 /* LogViewer.storyboard */,
				B2980AC0248860FC005C0E60 /* LogViewer.swift */,
			);
			path = Logging;
			sourceTree = "<group>";
		};
		B2980ABC2488603F005C0E60 /* Utilities */ = {
			isa = PBXGroup;
			children = (
				B2980AC6248867E4005C0E60 /* CUtil.swift */,
				B2980AC82488689B005C0E60 /* AlertUtil.swift */,
			);
			path = Utilities;
			sourceTree = "<group>";
		};
		B2980ABD2488604B005C0E60 /* PrefsWindow */ = {
			isa = PBXGroup;
			children = (
				B2980AC224886670005C0E60 /* PrefsViewController.swift */,
				B2980AC42488668D005C0E60 /* SettingsViewController.swift */,
				B264543A2489B2C300B68505 /* Defaults.swift */,
			);
			path = PrefsWindow;
			sourceTree = "<group>";
		};
		B2980ACA24886988005C0E60 /* WelcomeWindow */ = {
			isa = PBXGroup;
			children = (
				B2980ACB2488699D005C0E60 /* WelcomeViewController.swift */,
			);
			path = WelcomeWindow;
			sourceTree = "<group>";
		};
		B2C2BEF4248B86B900340919 /* WindowCalculations */ = {
			isa = PBXGroup;
			children = (
				B2C2BEF5248B87B500340919 /* GapCalculation.swift */,
				B21BE0982494B3830051C4FD /* CenterCalculation.swift */,
				B2530FBC248EE91F00452624 /* RepeatedExecutionsCalculation.swift */,
				B213981324AF01C400D613A0 /* MoveLeftRightHalfCalculation.swift */,
				B213981524AF029300D613A0 /* MoveUpCalculation.swift */,
				B213981724AF02AC00D613A0 /* MovveDownCalculation.swift */,
				B2530FBE248EEA2B00452624 /* WindowCalculation.swift */,
				B28C14442490B08300D5052D /* AlmostMaximizeCalculation.swift */,
				B21BE09A2494B5060051C4FD /* MaximizeCalculation.swift */,
				B21BE09C2494B5610051C4FD /* MaximizeHeightCalculation.swift */,
				B21BE09E2494B5930051C4FD /* NextPreviousDisplayCalculation.swift */,
				B202E6492495DE3400C49A80 /* ChangeSizeCalculation.swift */,
				B268995A2499EE28006766C6 /* LeftRightHalfCalculation.swift */,
				B24D65442497496500C404C8 /* BottomHalfCalculation.swift */,
				B2CFB1AA24988A0E001F058E /* TopHalfCalculation.swift */,
				B295F4FF24AB09D800E6E644 /* LowerLeftCalculation.swift */,
				B295F50124AB0A0300E6E644 /* LowerRightCalculation.swift */,
				B295F50324AB0A2E00E6E644 /* UpperLeftCalculation.swift */,
				B295F50524AB0A3B00E6E644 /* UpperRightCalculation.swift */,
				B213980924AEFDE500D613A0 /* FirstThirdCalculation.swift */,
				B213980B24AEFE0D00D613A0 /* FirstTwoThirdsCalculation.swift */,
				B213980D24AEFE2900D613A0 /* CenterThirdCalculation.swift */,
				B213980F24AEFE8600D613A0 /* LastTwoThirdsCalculation.swift */,
				B213981124AEFFB700D613A0 /* LastThirdCalculation.swift */,
			);
			path = WindowCalculations;
			sourceTree = "<group>";
		};
		B2C2BEF7248B8B4200340919 /* Accessibility */ = {
			isa = PBXGroup;
			children = (
				B2C2BEF8248B8B6100340919 /* AccessibilityAuthorization.swift */,
				B2C2BEFA248B8B7700340919 /* AcessibilityWindowController.swift */,
			);
			path = Accessibility;
			sourceTree = "<group>";
		};
		D43AF8538B1A49EA6C24DEF4 /* Frameworks */ = {
			isa = PBXGroup;
			children = (
				B2D98CF024BAC0330027461D /* StoreKit.framework */,
				B2E0895A24AB259A00C114FA /* ServiceManagement.framework */,
				DA8B11913E0DDFFAE1362246 /* Pods_Boxed.framework */,
				7E401FA2B2FC3FC391B875BE /* Pods_BoxedLauncher.framework */,
			);
			name = Frameworks;
			sourceTree = "<group>";
		};
/* End PBXGroup section */

/* Begin PBXNativeTarget section */
		B282C78D24882B31000D40F4 /* BoxedLauncher */ = {
			isa = PBXNativeTarget;
			buildConfigurationList = B282C7A024882B32000D40F4 /* Build configuration list for PBXNativeTarget "BoxedLauncher" */;
			buildPhases = (
				6471C7C26D6789B5529E5351 /* [CP] Check Pods Manifest.lock */,
				B282C78A24882B31000D40F4 /* Sources */,
				B282C78B24882B31000D40F4 /* Frameworks */,
				B282C78C24882B31000D40F4 /* Resources */,
			);
			buildRules = (
			);
			dependencies = (
			);
			name = BoxedLauncher;
			productName = BoxedLauncher;
			productReference = B282C78E24882B31000D40F4 /* BoxedLauncher.app */;
			productType = "com.apple.product-type.application";
		};
		B29562952487374B006BE8FA /* Boxed */ = {
			isa = PBXNativeTarget;
			buildConfigurationList = B29562A92487374F006BE8FA /* Build configuration list for PBXNativeTarget "Boxed" */;
			buildPhases = (
				634517B76D1D7763BBD20AA4 /* [CP] Check Pods Manifest.lock */,
				B29562922487374B006BE8FA /* Sources */,
				B29562932487374B006BE8FA /* Frameworks */,
				B29562942487374B006BE8FA /* Resources */,
				DE8449D8D102E924F7165487 /* [CP] Embed Pods Frameworks */,
				B2F38DC424BA52600045517E /* CopyFiles */,
			);
			buildRules = (
			);
			dependencies = (
			);
			name = Boxed;
			productName = Boxed;
			productReference = B29562962487374B006BE8FA /* Boxed.app */;
			productType = "com.apple.product-type.application";
		};
/* End PBXNativeTarget section */

/* Begin PBXProject section */
		B295628E2487374B006BE8FA /* Project object */ = {
			isa = PBXProject;
			attributes = {
				LastSwiftUpdateCheck = 1140;
				LastUpgradeCheck = 1140;
				ORGANIZATIONNAME = Ankith;
				TargetAttributes = {
					B282C78D24882B31000D40F4 = {
						CreatedOnToolsVersion = 11.4;
					};
					B29562952487374B006BE8FA = {
						CreatedOnToolsVersion = 11.4;
					};
				};
			};
			buildConfigurationList = B29562912487374B006BE8FA /* Build configuration list for PBXProject "Boxed" */;
			compatibilityVersion = "Xcode 9.3";
			developmentRegion = en;
			hasScannedForEncodings = 0;
			knownRegions = (
				en,
				Base,
			);
			mainGroup = B295628D2487374B006BE8FA;
			productRefGroup = B29562972487374B006BE8FA /* Products */;
			projectDirPath = "";
			projectRoot = "";
			targets = (
				B29562952487374B006BE8FA /* Boxed */,
				B282C78D24882B31000D40F4 /* BoxedLauncher */,
			);
		};
/* End PBXProject section */

/* Begin PBXResourcesBuildPhase section */
		B282C78C24882B31000D40F4 /* Resources */ = {
			isa = PBXResourcesBuildPhase;
			buildActionMask = 2147483647;
			files = (
				B282C79B24882B32000D40F4 /* Main.storyboard in Resources */,
				B282C79524882B32000D40F4 /* Assets.xcassets in Resources */,
			);
			runOnlyForDeploymentPostprocessing = 0;
		};
		B29562942487374B006BE8FA /* Resources */ = {
			isa = PBXResourcesBuildPhase;
			buildActionMask = 2147483647;
			files = (
				B26454372489B0B500B68505 /* MessageView.xib in Resources */,
				B29562A42487374F006BE8FA /* Main.storyboard in Resources */,
				B2980ABF248860F2005C0E60 /* LogViewer.storyboard in Resources */,
				B295629E2487374F006BE8FA /* Assets.xcassets in Resources */,
			);
			runOnlyForDeploymentPostprocessing = 0;
		};
/* End PBXResourcesBuildPhase section */

/* Begin PBXShellScriptBuildPhase section */
		634517B76D1D7763BBD20AA4 /* [CP] Check Pods Manifest.lock */ = {
			isa = PBXShellScriptBuildPhase;
			buildActionMask = 2147483647;
			files = (
			);
			inputFileListPaths = (
			);
			inputPaths = (
				"${PODS_PODFILE_DIR_PATH}/Podfile.lock",
				"${PODS_ROOT}/Manifest.lock",
			);
			name = "[CP] Check Pods Manifest.lock";
			outputFileListPaths = (
			);
			outputPaths = (
				"$(DERIVED_FILE_DIR)/Pods-Boxed-checkManifestLockResult.txt",
			);
			runOnlyForDeploymentPostprocessing = 0;
			shellPath = /bin/sh;
			shellScript = "diff \"${PODS_PODFILE_DIR_PATH}/Podfile.lock\" \"${PODS_ROOT}/Manifest.lock\" > /dev/null\nif [ $? != 0 ] ; then\n    # print error to STDERR\n    echo \"error: The sandbox is not in sync with the Podfile.lock. Run 'pod install' or update your CocoaPods installation.\" >&2\n    exit 1\nfi\n# This output is used by Xcode 'outputs' to avoid re-running this script phase.\necho \"SUCCESS\" > \"${SCRIPT_OUTPUT_FILE_0}\"\n";
			showEnvVarsInLog = 0;
		};
		6471C7C26D6789B5529E5351 /* [CP] Check Pods Manifest.lock */ = {
			isa = PBXShellScriptBuildPhase;
			buildActionMask = 2147483647;
			files = (
			);
			inputFileListPaths = (
			);
			inputPaths = (
				"${PODS_PODFILE_DIR_PATH}/Podfile.lock",
				"${PODS_ROOT}/Manifest.lock",
			);
			name = "[CP] Check Pods Manifest.lock";
			outputFileListPaths = (
			);
			outputPaths = (
				"$(DERIVED_FILE_DIR)/Pods-BoxedLauncher-checkManifestLockResult.txt",
			);
			runOnlyForDeploymentPostprocessing = 0;
			shellPath = /bin/sh;
			shellScript = "diff \"${PODS_PODFILE_DIR_PATH}/Podfile.lock\" \"${PODS_ROOT}/Manifest.lock\" > /dev/null\nif [ $? != 0 ] ; then\n    # print error to STDERR\n    echo \"error: The sandbox is not in sync with the Podfile.lock. Run 'pod install' or update your CocoaPods installation.\" >&2\n    exit 1\nfi\n# This output is used by Xcode 'outputs' to avoid re-running this script phase.\necho \"SUCCESS\" > \"${SCRIPT_OUTPUT_FILE_0}\"\n";
			showEnvVarsInLog = 0;
		};
		DE8449D8D102E924F7165487 /* [CP] Embed Pods Frameworks */ = {
			isa = PBXShellScriptBuildPhase;
			buildActionMask = 2147483647;
			files = (
			);
			inputFileListPaths = (
				"${PODS_ROOT}/Target Support Files/Pods-Boxed/Pods-Boxed-frameworks-${CONFIGURATION}-input-files.xcfilelist",
			);
			name = "[CP] Embed Pods Frameworks";
			outputFileListPaths = (
				"${PODS_ROOT}/Target Support Files/Pods-Boxed/Pods-Boxed-frameworks-${CONFIGURATION}-output-files.xcfilelist",
			);
			runOnlyForDeploymentPostprocessing = 0;
			shellPath = /bin/sh;
			shellScript = "\"${PODS_ROOT}/Target Support Files/Pods-Boxed/Pods-Boxed-frameworks.sh\"\n";
			showEnvVarsInLog = 0;
		};
/* End PBXShellScriptBuildPhase section */

/* Begin PBXSourcesBuildPhase section */
		B282C78A24882B31000D40F4 /* Sources */ = {
			isa = PBXSourcesBuildPhase;
			buildActionMask = 2147483647;
			files = (
				B282C79124882B31000D40F4 /* AppDelegate.swift in Sources */,
			);
			runOnlyForDeploymentPostprocessing = 0;
		};
		B29562922487374B006BE8FA /* Sources */ = {
			isa = PBXSourcesBuildPhase;
			buildActionMask = 2147483647;
			files = (
				B295F50024AB09D800E6E644 /* LowerLeftCalculation.swift in Sources */,
				B2CFB1AD2498A620001F058E /* ApplicationToggle.swift in Sources */,
				B202E64A2495DE3400C49A80 /* ChangeSizeCalculation.swift in Sources */,
				B213981224AEFFB700D613A0 /* LastThirdCalculation.swift in Sources */,
				B2980AC1248860FC005C0E60 /* LogViewer.swift in Sources */,
				B26CAC50248C527200A8CCDC /* EventMonitor.swift in Sources */,
				B295F50624AB0A3B00E6E644 /* UpperRightCalculation.swift in Sources */,
				B268995B2499EE28006766C6 /* LeftRightHalfCalculation.swift in Sources */,
				B21BE09F2494B5930051C4FD /* NextPreviousDisplayCalculation.swift in Sources */,
				B213981024AEFE8600D613A0 /* LastTwoThirdsCalculation.swift in Sources */,
				B2C2BEF3248B856800340919 /* BoxedStatusItem.swift in Sources */,
				B2CFB1AB24988A0E001F058E /* TopHalfCalculation.swift in Sources */,
				B2614C5D248E0697004D5438 /* QuantizedWindowMover.swift in Sources */,
				B2980AC324886670005C0E60 /* PrefsViewController.swift in Sources */,
				B295F50424AB0A2E00E6E644 /* UpperLeftCalculation.swift in Sources */,
				B213981624AF029300D613A0 /* MoveUpCalculation.swift in Sources */,
				B21BE0992494B3830051C4FD /* CenterCalculation.swift in Sources */,
				B2614C57248E01D3004D5438 /* WindowMover.swift in Sources */,
				B2614C5F248E06AD004D5438 /* CenteringFixedSizeWindowMover.swift in Sources */,
				B2614C54248DEEB7004D5438 /* WindowHistory.swift in Sources */,
				B295629A2487374C006BE8FA /* AppDelegate.swift in Sources */,
				B21BE09D2494B5610051C4FD /* MaximizeHeightCalculation.swift in Sources */,
				B24D65452497496500C404C8 /* BottomHalfCalculation.swift in Sources */,
				B28C14452490B08300D5052D /* AlmostMaximizeCalculation.swift in Sources */,
				B2614C5B248E059A004D5438 /* StandardWindowMover.swift in Sources */,
				B2614C59248E0241004D5438 /* BestWindowMover.swift in Sources */,
				B21BE09B2494B5060051C4FD /* MaximizeCalculation.swift in Sources */,
				B213980A24AEFDE500D613A0 /* FirstThirdCalculation.swift in Sources */,
				B213981424AF01C400D613A0 /* MoveLeftRightHalfCalculation.swift in Sources */,
				B2530FBF248EEA2B00452624 /* WindowCalculation.swift in Sources */,
				B2980AC52488668D005C0E60 /* SettingsViewController.swift in Sources */,
				B26454392489B0DA00B68505 /* MessageView.swift in Sources */,
				B2980AC92488689B005C0E60 /* AlertUtil.swift in Sources */,
				B26454342489AE2D00B68505 /* WindowManager.swift in Sources */,
				B213980C24AEFE0D00D613A0 /* FirstTwoThirdsCalculation.swift in Sources */,
				B2C2BEF9248B8B6100340919 /* AccessibilityAuthorization.swift in Sources */,
				B2980AC7248867E4005C0E60 /* CUtil.swift in Sources */,
				B26CAC54248C74BE00A8CCDC /* ScreenDetection.swift in Sources */,
				B264543D2489CB7A00B68505 /* SubsequentExecutionMode.swift in Sources */,
				B2980ACC2488699D005C0E60 /* WelcomeViewController.swift in Sources */,
				B2C2BEF6248B87B500340919 /* GapCalculation.swift in Sources */,
				B295F50224AB0A0300E6E644 /* LowerRightCalculation.swift in Sources */,
				B26CAC4C248C4EB900A8CCDC /* AccessibilityElement.swift in Sources */,
				B2C2BEF1248B831D00340919 /* WindowAction.swift in Sources */,
				B26454322489AC2000B68505 /* ShortcutManager.swift in Sources */,
				B213981824AF02AC00D613A0 /* MovveDownCalculation.swift in Sources */,
				B264543B2489B2C300B68505 /* Defaults.swift in Sources */,
				B213980E24AEFE2900D613A0 /* CenterThirdCalculation.swift in Sources */,
				B2C2BEFB248B8B7700340919 /* AcessibilityWindowController.swift in Sources */,
				B2530FBD248EE91F00452624 /* RepeatedExecutionsCalculation.swift in Sources */,
				B26CAC52248C528000A8CCDC /* SnappingManager.swift in Sources */,
			);
			runOnlyForDeploymentPostprocessing = 0;
		};
/* End PBXSourcesBuildPhase section */

/* Begin PBXVariantGroup section */
		B282C79924882B32000D40F4 /* Main.storyboard */ = {
			isa = PBXVariantGroup;
			children = (
				B282C79A24882B32000D40F4 /* Base */,
			);
			name = Main.storyboard;
			sourceTree = "<group>";
		};
		B29562A22487374F006BE8FA /* Main.storyboard */ = {
			isa = PBXVariantGroup;
			children = (
				B29562A32487374F006BE8FA /* Base */,
			);
			name = Main.storyboard;
			sourceTree = "<group>";
		};
/* End PBXVariantGroup section */

/* Begin XCBuildConfiguration section */
		B282C79E24882B32000D40F4 /* Debug */ = {
			isa = XCBuildConfiguration;
			baseConfigurationReference = C7FD4A4D626BDB8AAB49E192 /* Pods-BoxedLauncher.debug.xcconfig */;
			buildSettings = {
				ASSETCATALOG_COMPILER_APPICON_NAME = AppIcon;
				CODE_SIGN_ENTITLEMENTS = BoxedLauncher/BoxedLauncher.entitlements;
				CODE_SIGN_STYLE = Automatic;
				COMBINE_HIDPI_IMAGES = YES;
				DEVELOPMENT_TEAM = 63QM8F2SFJ;
				ENABLE_HARDENED_RUNTIME = YES;
				ENABLE_PREVIEWS = YES;
				INFOPLIST_FILE = BoxedLauncher/Info.plist;
				LD_RUNPATH_SEARCH_PATHS = (
					"$(inherited)",
					"@executable_path/../Frameworks",
				);
				MACOSX_DEPLOYMENT_TARGET = 10.15;
				PRODUCT_BUNDLE_IDENTIFIER = com.monkeyank.BoxedLauncher;
				PRODUCT_NAME = "$(TARGET_NAME)";
				SWIFT_VERSION = 5.0;
			};
			name = Debug;
		};
		B282C79F24882B32000D40F4 /* Release */ = {
			isa = XCBuildConfiguration;
			baseConfigurationReference = 44FDAAD6CE6626B2AD329109 /* Pods-BoxedLauncher.release.xcconfig */;
			buildSettings = {
				ASSETCATALOG_COMPILER_APPICON_NAME = AppIcon;
				CODE_SIGN_ENTITLEMENTS = BoxedLauncher/BoxedLauncher.entitlements;
				CODE_SIGN_STYLE = Automatic;
				COMBINE_HIDPI_IMAGES = YES;
				DEVELOPMENT_TEAM = 63QM8F2SFJ;
				ENABLE_HARDENED_RUNTIME = YES;
				ENABLE_PREVIEWS = YES;
				INFOPLIST_FILE = BoxedLauncher/Info.plist;
				LD_RUNPATH_SEARCH_PATHS = (
					"$(inherited)",
					"@executable_path/../Frameworks",
				);
				MACOSX_DEPLOYMENT_TARGET = 10.15;
				PRODUCT_BUNDLE_IDENTIFIER = com.monkeyank.BoxedLauncher;
				PRODUCT_NAME = "$(TARGET_NAME)";
				SWIFT_VERSION = 5.0;
			};
			name = Release;
		};
		B29562A72487374F006BE8FA /* Debug */ = {
			isa = XCBuildConfiguration;
			buildSettings = {
				ALWAYS_SEARCH_USER_PATHS = NO;
				CLANG_ANALYZER_NONNULL = YES;
				CLANG_ANALYZER_NUMBER_OBJECT_CONVERSION = YES_AGGRESSIVE;
				CLANG_CXX_LANGUAGE_STANDARD = "gnu++14";
				CLANG_CXX_LIBRARY = "libc++";
				CLANG_ENABLE_MODULES = YES;
				CLANG_ENABLE_OBJC_ARC = YES;
				CLANG_ENABLE_OBJC_WEAK = YES;
				CLANG_WARN_BLOCK_CAPTURE_AUTORELEASING = YES;
				CLANG_WARN_BOOL_CONVERSION = YES;
				CLANG_WARN_COMMA = YES;
				CLANG_WARN_CONSTANT_CONVERSION = YES;
				CLANG_WARN_DEPRECATED_OBJC_IMPLEMENTATIONS = YES;
				CLANG_WARN_DIRECT_OBJC_ISA_USAGE = YES_ERROR;
				CLANG_WARN_DOCUMENTATION_COMMENTS = YES;
				CLANG_WARN_EMPTY_BODY = YES;
				CLANG_WARN_ENUM_CONVERSION = YES;
				CLANG_WARN_INFINITE_RECURSION = YES;
				CLANG_WARN_INT_CONVERSION = YES;
				CLANG_WARN_NON_LITERAL_NULL_CONVERSION = YES;
				CLANG_WARN_OBJC_IMPLICIT_RETAIN_SELF = YES;
				CLANG_WARN_OBJC_LITERAL_CONVERSION = YES;
				CLANG_WARN_OBJC_ROOT_CLASS = YES_ERROR;
				CLANG_WARN_RANGE_LOOP_ANALYSIS = YES;
				CLANG_WARN_STRICT_PROTOTYPES = YES;
				CLANG_WARN_SUSPICIOUS_MOVE = YES;
				CLANG_WARN_UNGUARDED_AVAILABILITY = YES_AGGRESSIVE;
				CLANG_WARN_UNREACHABLE_CODE = YES;
				CLANG_WARN__DUPLICATE_METHOD_MATCH = YES;
				COPY_PHASE_STRIP = NO;
				DEBUG_INFORMATION_FORMAT = dwarf;
				ENABLE_STRICT_OBJC_MSGSEND = YES;
				ENABLE_TESTABILITY = YES;
				GCC_C_LANGUAGE_STANDARD = gnu11;
				GCC_DYNAMIC_NO_PIC = NO;
				GCC_NO_COMMON_BLOCKS = YES;
				GCC_OPTIMIZATION_LEVEL = 0;
				GCC_PREPROCESSOR_DEFINITIONS = (
					"DEBUG=1",
					"$(inherited)",
				);
				GCC_WARN_64_TO_32_BIT_CONVERSION = YES;
				GCC_WARN_ABOUT_RETURN_TYPE = YES_ERROR;
				GCC_WARN_UNDECLARED_SELECTOR = YES;
				GCC_WARN_UNINITIALIZED_AUTOS = YES_AGGRESSIVE;
				GCC_WARN_UNUSED_FUNCTION = YES;
				GCC_WARN_UNUSED_VARIABLE = YES;
				MACOSX_DEPLOYMENT_TARGET = 10.15;
				MTL_ENABLE_DEBUG_INFO = INCLUDE_SOURCE;
				MTL_FAST_MATH = YES;
				ONLY_ACTIVE_ARCH = YES;
				SDKROOT = macosx;
				SWIFT_ACTIVE_COMPILATION_CONDITIONS = DEBUG;
				SWIFT_OPTIMIZATION_LEVEL = "-Onone";
			};
			name = Debug;
		};
		B29562A82487374F006BE8FA /* Release */ = {
			isa = XCBuildConfiguration;
			buildSettings = {
				ALWAYS_SEARCH_USER_PATHS = NO;
				CLANG_ANALYZER_NONNULL = YES;
				CLANG_ANALYZER_NUMBER_OBJECT_CONVERSION = YES_AGGRESSIVE;
				CLANG_CXX_LANGUAGE_STANDARD = "gnu++14";
				CLANG_CXX_LIBRARY = "libc++";
				CLANG_ENABLE_MODULES = YES;
				CLANG_ENABLE_OBJC_ARC = YES;
				CLANG_ENABLE_OBJC_WEAK = YES;
				CLANG_WARN_BLOCK_CAPTURE_AUTORELEASING = YES;
				CLANG_WARN_BOOL_CONVERSION = YES;
				CLANG_WARN_COMMA = YES;
				CLANG_WARN_CONSTANT_CONVERSION = YES;
				CLANG_WARN_DEPRECATED_OBJC_IMPLEMENTATIONS = YES;
				CLANG_WARN_DIRECT_OBJC_ISA_USAGE = YES_ERROR;
				CLANG_WARN_DOCUMENTATION_COMMENTS = YES;
				CLANG_WARN_EMPTY_BODY = YES;
				CLANG_WARN_ENUM_CONVERSION = YES;
				CLANG_WARN_INFINITE_RECURSION = YES;
				CLANG_WARN_INT_CONVERSION = YES;
				CLANG_WARN_NON_LITERAL_NULL_CONVERSION = YES;
				CLANG_WARN_OBJC_IMPLICIT_RETAIN_SELF = YES;
				CLANG_WARN_OBJC_LITERAL_CONVERSION = YES;
				CLANG_WARN_OBJC_ROOT_CLASS = YES_ERROR;
				CLANG_WARN_RANGE_LOOP_ANALYSIS = YES;
				CLANG_WARN_STRICT_PROTOTYPES = YES;
				CLANG_WARN_SUSPICIOUS_MOVE = YES;
				CLANG_WARN_UNGUARDED_AVAILABILITY = YES_AGGRESSIVE;
				CLANG_WARN_UNREACHABLE_CODE = YES;
				CLANG_WARN__DUPLICATE_METHOD_MATCH = YES;
				COPY_PHASE_STRIP = NO;
				DEBUG_INFORMATION_FORMAT = "dwarf-with-dsym";
				ENABLE_NS_ASSERTIONS = NO;
				ENABLE_STRICT_OBJC_MSGSEND = YES;
				GCC_C_LANGUAGE_STANDARD = gnu11;
				GCC_NO_COMMON_BLOCKS = YES;
				GCC_WARN_64_TO_32_BIT_CONVERSION = YES;
				GCC_WARN_ABOUT_RETURN_TYPE = YES_ERROR;
				GCC_WARN_UNDECLARED_SELECTOR = YES;
				GCC_WARN_UNINITIALIZED_AUTOS = YES_AGGRESSIVE;
				GCC_WARN_UNUSED_FUNCTION = YES;
				GCC_WARN_UNUSED_VARIABLE = YES;
				MACOSX_DEPLOYMENT_TARGET = 10.15;
				MTL_ENABLE_DEBUG_INFO = NO;
				MTL_FAST_MATH = YES;
				SDKROOT = macosx;
				SWIFT_COMPILATION_MODE = wholemodule;
				SWIFT_OPTIMIZATION_LEVEL = "-O";
			};
			name = Release;
		};
		B29562AA2487374F006BE8FA /* Debug */ = {
			isa = XCBuildConfiguration;
			baseConfigurationReference = A43D872846CF070C79221D0E /* Pods-Boxed.debug.xcconfig */;
			buildSettings = {
				ASSETCATALOG_COMPILER_APPICON_NAME = AppIcon;
				CODE_SIGN_ENTITLEMENTS = Boxed/Boxed.entitlements;
				CODE_SIGN_IDENTITY = "Apple Development";
				CODE_SIGN_STYLE = Automatic;
				COMBINE_HIDPI_IMAGES = YES;
				DEVELOPMENT_TEAM = 63QM8F2SFJ;
				ENABLE_HARDENED_RUNTIME = YES;
				ENABLE_PREVIEWS = YES;
				INFOPLIST_FILE = Boxed/Info.plist;
				LD_RUNPATH_SEARCH_PATHS = (
					"$(inherited)",
					"@executable_path/../Frameworks",
				);
				MACOSX_DEPLOYMENT_TARGET = 10.11;
				PRODUCT_BUNDLE_IDENTIFIER = com.monkeyank.Boxed;
				PRODUCT_NAME = "$(TARGET_NAME)";
				SWIFT_VERSION = 5.0;
			};
			name = Debug;
		};
		B29562AB2487374F006BE8FA /* Release */ = {
			isa = XCBuildConfiguration;
			baseConfigurationReference = EA4D43EF5DF7A44FC30C4093 /* Pods-Boxed.release.xcconfig */;
			buildSettings = {
				ASSETCATALOG_COMPILER_APPICON_NAME = AppIcon;
				CODE_SIGN_ENTITLEMENTS = Boxed/Boxed.entitlements;
				CODE_SIGN_IDENTITY = "Apple Development";
				CODE_SIGN_STYLE = Automatic;
				COMBINE_HIDPI_IMAGES = YES;
				DEVELOPMENT_TEAM = 63QM8F2SFJ;
				ENABLE_HARDENED_RUNTIME = YES;
				ENABLE_PREVIEWS = YES;
				INFOPLIST_FILE = Boxed/Info.plist;
				LD_RUNPATH_SEARCH_PATHS = (
					"$(inherited)",
					"@executable_path/../Frameworks",
				);
				MACOSX_DEPLOYMENT_TARGET = 10.11;
				PRODUCT_BUNDLE_IDENTIFIER = com.monkeyank.Boxed;
				PRODUCT_NAME = "$(TARGET_NAME)";
				SWIFT_VERSION = 5.0;
			};
			name = Release;
		};
/* End XCBuildConfiguration section */

/* Begin XCConfigurationList section */
		B282C7A024882B32000D40F4 /* Build configuration list for PBXNativeTarget "BoxedLauncher" */ = {
			isa = XCConfigurationList;
			buildConfigurations = (
				B282C79E24882B32000D40F4 /* Debug */,
				B282C79F24882B32000D40F4 /* Release */,
			);
			defaultConfigurationIsVisible = 0;
			defaultConfigurationName = Release;
		};
		B29562912487374B006BE8FA /* Build configuration list for PBXProject "Boxed" */ = {
			isa = XCConfigurationList;
			buildConfigurations = (
				B29562A72487374F006BE8FA /* Debug */,
				B29562A82487374F006BE8FA /* Release */,
			);
			defaultConfigurationIsVisible = 0;
			defaultConfigurationName = Release;
		};
		B29562A92487374F006BE8FA /* Build configuration list for PBXNativeTarget "Boxed" */ = {
			isa = XCConfigurationList;
			buildConfigurations = (
				B29562AA2487374F006BE8FA /* Debug */,
				B29562AB2487374F006BE8FA /* Release */,
			);
			defaultConfigurationIsVisible = 0;
			defaultConfigurationName = Release;
		};
/* End XCConfigurationList section */
	};
	rootObject = B295628E2487374B006BE8FA /* Project object */;
}
